
Microsoft Visual Studio Solution File, Format Version 12.00
Project("{FAE04EC0-301F-11D3-BF4B-00C04F79EFBC}") = "AoC.Library", "AoC.Library\AoC.Library.csproj", "{B954D876-1B89-4959-9159-A6ADAB60F80F}"
EndProject
Project("{FAE04EC0-301F-11D3-BF4B-00C04F79EFBC}") = "AoC.2023", "AoC.2023\AoC.2023.csproj", "{077BD466-530E-45D7-B895-2980BB8033A8}"
EndProject
Project("{FAE04EC0-301F-11D3-BF4B-00C04F79EFBC}") = "AoC.Runner", "AoC.Runner\AoC.Runner.csproj", "{3F88152A-29C5-406F-9E7E-C69424C1A530}"
EndProject
Project("{FAE04EC0-301F-11D3-BF4B-00C04F79EFBC}") = "AoC.2022", "AoC.2022\AoC.2022.csproj", "{ABF573C5-2A7F-4DD8-A61A-2F6955A9517A}"
EndProject
Project("{F2A71F9B-5D33-465A-A702-920D77279786}") = "AoC.2023.FSharp", "AoC.2023.FSharp\AoC.2023.FSharp.fsproj", "{A90D7AED-7BBD-4701-A694-404BC902BCA3}"
EndProject
Project("{F2A71F9B-5D33-465A-A702-920D77279786}") = "AoC.FSharp", "AoC.FSharp\AoC.FSharp.fsproj", "{6BA3DF66-0219-4280-B92B-F33B40676C34}"
EndProject
Project("{F2A71F9B-5D33-465A-A702-920D77279786}") = "AoC.2022.FSharp", "AoC.2022.FSharp\AoC.2022.FSharp.fsproj", "{A3AB4E9C-5055-4B4C-9BF1-F2F02A01395F}"
EndProject
Project("{F2A71F9B-5D33-465A-A702-920D77279786}") = "AoC.2024.FSharp", "AoC.2024.FSharp\AoC.2024.FSharp.fsproj", "{6B93E2BA-7805-4CFA-8ADE-01CC64E86F79}"
EndProject
Global
	GlobalSection(SolutionConfigurationPlatforms) = preSolution
		Debug|Any CPU = Debug|Any CPU
		Release|Any CPU = Release|Any CPU
	EndGlobalSection
	GlobalSection(ProjectConfigurationPlatforms) = postSolution
		{B954D876-1B89-4959-9159-A6ADAB60F80F}.Debug|Any CPU.ActiveCfg = Debug|Any CPU
		{B954D876-1B89-4959-9159-A6ADAB60F80F}.Debug|Any CPU.Build.0 = Debug|Any CPU
		{B954D876-1B89-4959-9159-A6ADAB60F80F}.Release|Any CPU.ActiveCfg = Release|Any CPU
		{B954D876-1B89-4959-9159-A6ADAB60F80F}.Release|Any CPU.Build.0 = Release|Any CPU
		{077BD466-530E-45D7-B895-2980BB8033A8}.Debug|Any CPU.ActiveCfg = Debug|Any CPU
		{077BD466-530E-45D7-B895-2980BB8033A8}.Debug|Any CPU.Build.0 = Debug|Any CPU
		{077BD466-530E-45D7-B895-2980BB8033A8}.Release|Any CPU.ActiveCfg = Release|Any CPU
		{077BD466-530E-45D7-B895-2980BB8033A8}.Release|Any CPU.Build.0 = Release|Any CPU
		{3F88152A-29C5-406F-9E7E-C69424C1A530}.Debug|Any CPU.ActiveCfg = Debug|Any CPU
		{3F88152A-29C5-406F-9E7E-C69424C1A530}.Debug|Any CPU.Build.0 = Debug|Any CPU
		{3F88152A-29C5-406F-9E7E-C69424C1A530}.Release|Any CPU.ActiveCfg = Release|Any CPU
		{3F88152A-29C5-406F-9E7E-C69424C1A530}.Release|Any CPU.Build.0 = Release|Any CPU
		{ABF573C5-2A7F-4DD8-A61A-2F6955A9517A}.Debug|Any CPU.ActiveCfg = Debug|Any CPU
		{ABF573C5-2A7F-4DD8-A61A-2F6955A9517A}.Debug|Any CPU.Build.0 = Debug|Any CPU
		{ABF573C5-2A7F-4DD8-A61A-2F6955A9517A}.Release|Any CPU.ActiveCfg = Release|Any CPU
		{ABF573C5-2A7F-4DD8-A61A-2F6955A9517A}.Release|Any CPU.Build.0 = Release|Any CPU
		{A90D7AED-7BBD-4701-A694-404BC902BCA3}.Debug|Any CPU.ActiveCfg = Debug|Any CPU
		{A90D7AED-7BBD-4701-A694-404BC902BCA3}.Debug|Any CPU.Build.0 = Debug|Any CPU
		{A90D7AED-7BBD-4701-A694-404BC902BCA3}.Release|Any CPU.ActiveCfg = Release|Any CPU
		{A90D7AED-7BBD-4701-A694-404BC902BCA3}.Release|Any CPU.Build.0 = Release|Any CPU
		{6BA3DF66-0219-4280-B92B-F33B40676C34}.Debug|Any CPU.ActiveCfg = Debug|Any CPU
		{6BA3DF66-0219-4280-B92B-F33B40676C34}.Debug|Any CPU.Build.0 = Debug|Any CPU
		{6BA3DF66-0219-4280-B92B-F33B40676C34}.Release|Any CPU.ActiveCfg = Release|Any CPU
		{6BA3DF66-0219-4280-B92B-F33B40676C34}.Release|Any CPU.Build.0 = Release|Any CPU
		{A3AB4E9C-5055-4B4C-9BF1-F2F02A01395F}.Debug|Any CPU.ActiveCfg = Debug|Any CPU
		{A3AB4E9C-5055-4B4C-9BF1-F2F02A01395F}.Debug|Any CPU.Build.0 = Debug|Any CPU
		{A3AB4E9C-5055-4B4C-9BF1-F2F02A01395F}.Release|Any CPU.ActiveCfg = Release|Any CPU
		{A3AB4E9C-5055-4B4C-9BF1-F2F02A01395F}.Release|Any CPU.Build.0 = Release|Any CPU
		{6B93E2BA-7805-4CFA-8ADE-01CC64E86F79}.Debug|Any CPU.ActiveCfg = Debug|Any CPU
		{6B93E2BA-7805-4CFA-8ADE-01CC64E86F79}.Debug|Any CPU.Build.0 = Debug|Any CPU
		{6B93E2BA-7805-4CFA-8ADE-01CC64E86F79}.Release|Any CPU.ActiveCfg = Release|Any CPU
		{6B93E2BA-7805-4CFA-8ADE-01CC64E86F79}.Release|Any CPU.Build.0 = Release|Any CPU
	EndGlobalSection
EndGlobal
